
Microsoft Visual Studio Solution File, Format Version 12.00
# Visual Studio Version 16
VisualStudioVersion = 16.0.33214.272
MinimumVisualStudioVersion = 10.0.40219.1
Project("{FAE04EC0-301F-11D3-BF4B-00C04F79EFBC}") = "lab12_Interiano", "lab12_Interiano.csproj", "{F09CD995-F5C4-4A0C-A273-8D3F92CC9985}"
EndProject
Global
	GlobalSection(SolutionConfigurationPlatforms) = preSolution
		Debug|Any CPU = Debug|Any CPU
		Release|Any CPU = Release|Any CPU
	EndGlobalSection
	GlobalSection(ProjectConfigurationPlatforms) = postSolution
		{F09CD995-F5C4-4A0C-A273-8D3F92CC9985}.Debug|Any CPU.ActiveCfg = Debug|Any CPU
		{F09CD995-F5C4-4A0C-A273-8D3F92CC9985}.Debug|Any CPU.Build.0 = Debug|Any CPU
		{F09CD995-F5C4-4A0C-A273-8D3F92CC9985}.Release|Any CPU.ActiveCfg = Release|Any CPU
		{F09CD995-F5C4-4A0C-A273-8D3F92CC9985}.Release|Any CPU.Build.0 = Release|Any CPU
	EndGlobalSection
	GlobalSection(SolutionProperties) = preSolution
		HideSolutionNode = FALSE
	EndGlobalSection
	GlobalSection(ExtensibilityGlobals) = postSolution
		SolutionGuid = {A021D85C-7C30-4553-9E0C-D371A42BAEE9}
	EndGlobalSection
EndGlobal
