
Microsoft Visual Studio Solution File, Format Version 12.00
# Visual Studio Version 16
VisualStudioVersion = 16.0.33214.272
MinimumVisualStudioVersion = 10.0.40219.1
Project("{FAE04EC0-301F-11D3-BF4B-00C04F79EFBC}") = "Lab4_Gabriel Interiano", "Lab4_Gabriel Interiano.csproj", "{CA99D382-48FF-4688-B4A6-C480F47588C9}"
EndProject
Global
	GlobalSection(SolutionConfigurationPlatforms) = preSolution
		Debug|Any CPU = Debug|Any CPU
		Release|Any CPU = Release|Any CPU
	EndGlobalSection
	GlobalSection(ProjectConfigurationPlatforms) = postSolution
		{CA99D382-48FF-4688-B4A6-C480F47588C9}.Debug|Any CPU.ActiveCfg = Debug|Any CPU
		{CA99D382-48FF-4688-B4A6-C480F47588C9}.Debug|Any CPU.Build.0 = Debug|Any CPU
		{CA99D382-48FF-4688-B4A6-C480F47588C9}.Release|Any CPU.ActiveCfg = Release|Any CPU
		{CA99D382-48FF-4688-B4A6-C480F47588C9}.Release|Any CPU.Build.0 = Release|Any CPU
	EndGlobalSection
	GlobalSection(SolutionProperties) = preSolution
		HideSolutionNode = FALSE
	EndGlobalSection
	GlobalSection(ExtensibilityGlobals) = postSolution
		SolutionGuid = {3DA9CA24-41A1-4182-A186-4211F5B9751F}
	EndGlobalSection
EndGlobal
