
Microsoft Visual Studio Solution File, Format Version 12.00
# Visual Studio Version 16
VisualStudioVersion = 16.0.33214.272
MinimumVisualStudioVersion = 10.0.40219.1
Project("{FAE04EC0-301F-11D3-BF4B-00C04F79EFBC}") = "lab11_Interiano", "lab11_Interiano.csproj", "{8365FF44-2915-4F5A-9AD7-2ED68601AB81}"
EndProject
Global
	GlobalSection(SolutionConfigurationPlatforms) = preSolution
		Debug|Any CPU = Debug|Any CPU
		Release|Any CPU = Release|Any CPU
	EndGlobalSection
	GlobalSection(ProjectConfigurationPlatforms) = postSolution
		{8365FF44-2915-4F5A-9AD7-2ED68601AB81}.Debug|Any CPU.ActiveCfg = Debug|Any CPU
		{8365FF44-2915-4F5A-9AD7-2ED68601AB81}.Debug|Any CPU.Build.0 = Debug|Any CPU
		{8365FF44-2915-4F5A-9AD7-2ED68601AB81}.Release|Any CPU.ActiveCfg = Release|Any CPU
		{8365FF44-2915-4F5A-9AD7-2ED68601AB81}.Release|Any CPU.Build.0 = Release|Any CPU
	EndGlobalSection
	GlobalSection(SolutionProperties) = preSolution
		HideSolutionNode = FALSE
	EndGlobalSection
	GlobalSection(ExtensibilityGlobals) = postSolution
		SolutionGuid = {9A5DF74D-CBCE-4061-AE31-D17802499B21}
	EndGlobalSection
EndGlobal
