
Microsoft Visual Studio Solution File, Format Version 12.00
# Visual Studio Version 16
VisualStudioVersion = 16.0.33214.272
MinimumVisualStudioVersion = 10.0.40219.1
Project("{FAE04EC0-301F-11D3-BF4B-00C04F79EFBC}") = "lab06", "lab06.csproj", "{41D2A3A2-3A3B-41FF-B0D9-8AD7B0C5C31D}"
EndProject
Global
	GlobalSection(SolutionConfigurationPlatforms) = preSolution
		Debug|Any CPU = Debug|Any CPU
		Release|Any CPU = Release|Any CPU
	EndGlobalSection
	GlobalSection(ProjectConfigurationPlatforms) = postSolution
		{41D2A3A2-3A3B-41FF-B0D9-8AD7B0C5C31D}.Debug|Any CPU.ActiveCfg = Debug|Any CPU
		{41D2A3A2-3A3B-41FF-B0D9-8AD7B0C5C31D}.Debug|Any CPU.Build.0 = Debug|Any CPU
		{41D2A3A2-3A3B-41FF-B0D9-8AD7B0C5C31D}.Release|Any CPU.ActiveCfg = Release|Any CPU
		{41D2A3A2-3A3B-41FF-B0D9-8AD7B0C5C31D}.Release|Any CPU.Build.0 = Release|Any CPU
	EndGlobalSection
	GlobalSection(SolutionProperties) = preSolution
		HideSolutionNode = FALSE
	EndGlobalSection
	GlobalSection(ExtensibilityGlobals) = postSolution
		SolutionGuid = {A4E45586-3B48-4050-8C8C-7B10B3892919}
	EndGlobalSection
EndGlobal
