
Microsoft Visual Studio Solution File, Format Version 12.00
# Visual Studio Version 16
VisualStudioVersion = 16.0.33214.272
MinimumVisualStudioVersion = 10.0.40219.1
Project("{FAE04EC0-301F-11D3-BF4B-00C04F79EFBC}") = "lab08_Interiano", "lab08_Interiano.csproj", "{031AC72A-7C55-48E5-A701-D79357B77D01}"
EndProject
Global
	GlobalSection(SolutionConfigurationPlatforms) = preSolution
		Debug|Any CPU = Debug|Any CPU
		Release|Any CPU = Release|Any CPU
	EndGlobalSection
	GlobalSection(ProjectConfigurationPlatforms) = postSolution
		{031AC72A-7C55-48E5-A701-D79357B77D01}.Debug|Any CPU.ActiveCfg = Debug|Any CPU
		{031AC72A-7C55-48E5-A701-D79357B77D01}.Debug|Any CPU.Build.0 = Debug|Any CPU
		{031AC72A-7C55-48E5-A701-D79357B77D01}.Release|Any CPU.ActiveCfg = Release|Any CPU
		{031AC72A-7C55-48E5-A701-D79357B77D01}.Release|Any CPU.Build.0 = Release|Any CPU
	EndGlobalSection
	GlobalSection(SolutionProperties) = preSolution
		HideSolutionNode = FALSE
	EndGlobalSection
	GlobalSection(ExtensibilityGlobals) = postSolution
		SolutionGuid = {23545546-C27E-49FF-94A1-2AB4D30D7466}
	EndGlobalSection
EndGlobal
